
Microsoft Visual Studio Solution File, Format Version 12.00
# Visual Studio Version 17
VisualStudioVersion = 17.1.32319.34
MinimumVisualStudioVersion = 10.0.40219.1
Project("{FAE04EC0-301F-11D3-BF4B-00C04F79EFBC}") = "Labirint2D", "Labirint2D.csproj", "{7D5EEC77-392B-414A-BE7B-FF04C58736FA}"
EndProject
Global
	GlobalSection(SolutionConfigurationPlatforms) = preSolution
		Debug|Any CPU = Debug|Any CPU
		Release|Any CPU = Release|Any CPU
	EndGlobalSection
	GlobalSection(ProjectConfigurationPlatforms) = postSolution
		{7D5EEC77-392B-414A-BE7B-FF04C58736FA}.Debug|Any CPU.ActiveCfg = Debug|Any CPU
		{7D5EEC77-392B-414A-BE7B-FF04C58736FA}.Debug|Any CPU.Build.0 = Debug|Any CPU
		{7D5EEC77-392B-414A-BE7B-FF04C58736FA}.Release|Any CPU.ActiveCfg = Release|Any CPU
		{7D5EEC77-392B-414A-BE7B-FF04C58736FA}.Release|Any CPU.Build.0 = Release|Any CPU
	EndGlobalSection
	GlobalSection(SolutionProperties) = preSolution
		HideSolutionNode = FALSE
	EndGlobalSection
	GlobalSection(ExtensibilityGlobals) = postSolution
		SolutionGuid = {5E9DCC05-F57C-469D-A713-9B28C6239D2C}
	EndGlobalSection
EndGlobal
